
Microsoft Visual Studio Solution File, Format Version 12.00
# Visual Studio 15
VisualStudioVersion = 15.0.27703.2035
MinimumVisualStudioVersion = 10.0.40219.1
Project("{FAE04EC0-301F-11D3-BF4B-00C04F79EFBC}") = "ShitLib", "ShitLib\ShitLib.csproj", "{E615A251-EEBF-4369-A836-814108331D17}"
EndProject
Project("{FAE04EC0-301F-11D3-BF4B-00C04F79EFBC}") = "ShitLibShitTest", "ShitLibShitTest\ShitLibShitTest.csproj", "{D1AFEE2B-56E6-4B7F-8C33-976D5CD6604C}"
EndProject
Project("{2150E333-8FDC-42A3-9474-1A3956D46DE8}") = "Solution Items", "Solution Items", "{62FDAA79-CB35-4449-912A-48E8E3EB28C4}"
	ProjectSection(SolutionItems) = preProject
		README.md = README.md
	EndProjectSection
EndProject
Global
	GlobalSection(SolutionConfigurationPlatforms) = preSolution
		Debug|Any CPU = Debug|Any CPU
		Release|Any CPU = Release|Any CPU
	EndGlobalSection
	GlobalSection(ProjectConfigurationPlatforms) = postSolution
		{E615A251-EEBF-4369-A836-814108331D17}.Debug|Any CPU.ActiveCfg = Debug|Any CPU
		{E615A251-EEBF-4369-A836-814108331D17}.Debug|Any CPU.Build.0 = Debug|Any CPU
		{E615A251-EEBF-4369-A836-814108331D17}.Release|Any CPU.ActiveCfg = Release|Any CPU
		{E615A251-EEBF-4369-A836-814108331D17}.Release|Any CPU.Build.0 = Release|Any CPU
		{D1AFEE2B-56E6-4B7F-8C33-976D5CD6604C}.Debug|Any CPU.ActiveCfg = Debug|Any CPU
		{D1AFEE2B-56E6-4B7F-8C33-976D5CD6604C}.Debug|Any CPU.Build.0 = Debug|Any CPU
		{D1AFEE2B-56E6-4B7F-8C33-976D5CD6604C}.Release|Any CPU.ActiveCfg = Release|Any CPU
		{D1AFEE2B-56E6-4B7F-8C33-976D5CD6604C}.Release|Any CPU.Build.0 = Release|Any CPU
	EndGlobalSection
	GlobalSection(SolutionProperties) = preSolution
		HideSolutionNode = FALSE
	EndGlobalSection
	GlobalSection(ExtensibilityGlobals) = postSolution
		SolutionGuid = {4242C55D-2CBB-4702-BEB7-84F3C1AF8AF6}
	EndGlobalSection
EndGlobal
